
Microsoft Visual Studio Solution File, Format Version 12.00
# Visual Studio 15
VisualStudioVersion = 15.0.28307.705
MinimumVisualStudioVersion = 10.0.40219.1
Project("{9A19103F-16F7-4668-BE54-9A1E7A4F7556}") = "IvMgmt", "..\IvMgmt\IvMgmt.csproj", "{0CB829A3-8540-40D6-BAE4-82FF9B0CB97C}"
EndProject
Project("{FAE04EC0-301F-11D3-BF4B-00C04F79EFBC}") = "IvMgmtApi", "..\IvMgmtApi\IvMgmtApi.csproj", "{D7B7F768-89BF-43A2-A180-5BD10C40CA0A}"
EndProject
Global
	GlobalSection(SolutionConfigurationPlatforms) = preSolution
		Debug|Any CPU = Debug|Any CPU
		Release|Any CPU = Release|Any CPU
	EndGlobalSection
	GlobalSection(ProjectConfigurationPlatforms) = postSolution
		{0CB829A3-8540-40D6-BAE4-82FF9B0CB97C}.Debug|Any CPU.ActiveCfg = Debug|Any CPU
		{0CB829A3-8540-40D6-BAE4-82FF9B0CB97C}.Debug|Any CPU.Build.0 = Debug|Any CPU
		{0CB829A3-8540-40D6-BAE4-82FF9B0CB97C}.Release|Any CPU.ActiveCfg = Release|Any CPU
		{0CB829A3-8540-40D6-BAE4-82FF9B0CB97C}.Release|Any CPU.Build.0 = Release|Any CPU
		{D7B7F768-89BF-43A2-A180-5BD10C40CA0A}.Debug|Any CPU.ActiveCfg = Debug|Any CPU
		{D7B7F768-89BF-43A2-A180-5BD10C40CA0A}.Debug|Any CPU.Build.0 = Debug|Any CPU
		{D7B7F768-89BF-43A2-A180-5BD10C40CA0A}.Release|Any CPU.ActiveCfg = Release|Any CPU
		{D7B7F768-89BF-43A2-A180-5BD10C40CA0A}.Release|Any CPU.Build.0 = Release|Any CPU
	EndGlobalSection
	GlobalSection(SolutionProperties) = preSolution
		HideSolutionNode = FALSE
	EndGlobalSection
	GlobalSection(ExtensibilityGlobals) = postSolution
		SolutionGuid = {E13C954A-3EEA-4FB7-BAAB-EA992039A77E}
	EndGlobalSection
EndGlobal
